#
# This file is autogenerated by pip-compile with Python 3.12
# by the following command:
#
#    pip-compile --allow-unsafe --extra=dev --output-file=requirements-dev.lock pyproject.toml
#
alabaster==1.0.0
    # via sphinx
ast-grep-py==0.40.4
    # via solarwindpy (pyproject.toml)
astropy==7.2.0
    # via solarwindpy (pyproject.toml)
astropy-iers-data==0.2025.12.22.0.40.30
    # via astropy
babel==2.17.0
    # via sphinx
black==25.12.0
    # via solarwindpy (pyproject.toml)
blosc2==3.12.2
    # via tables
bottleneck==1.6.0
    # via solarwindpy (pyproject.toml)
certifi==2025.11.12
    # via requests
cfgv==3.5.0
    # via pre-commit
charset-normalizer==3.4.4
    # via requests
click==8.3.1
    # via black
contourpy==1.3.3
    # via matplotlib
coverage[toml]==7.13.0
    # via pytest-cov
cycler==0.12.1
    # via matplotlib
distlib==0.4.0
    # via virtualenv
doc8==2.0.0
    # via solarwindpy (pyproject.toml)
docstring-inheritance==2.3.0
    # via solarwindpy (pyproject.toml)
docutils==0.21.2
    # via
    #   doc8
    #   pybtex-docutils
    #   restructuredtext-lint
    #   sphinx
    #   sphinx-rtd-theme
    #   sphinxcontrib-bibtex
filelock==3.20.2
    # via virtualenv
flake8==7.3.0
    # via
    #   flake8-docstrings
    #   solarwindpy (pyproject.toml)
flake8-docstrings==1.7.0
    # via solarwindpy (pyproject.toml)
fonttools==4.61.1
    # via matplotlib
h5py==3.15.1
    # via solarwindpy (pyproject.toml)
identify==2.6.15
    # via pre-commit
idna==3.11
    # via requests
imagesize==1.4.1
    # via sphinx
iniconfig==2.3.0
    # via pytest
jinja2==3.1.6
    # via sphinx
kiwisolver==1.4.9
    # via matplotlib
latexcodec==3.0.1
    # via pybtex
llvmlite==0.46.0
    # via numba
markupsafe==3.0.3
    # via jinja2
matplotlib==3.10.8
    # via solarwindpy (pyproject.toml)
mccabe==0.7.0
    # via flake8
msgpack==1.1.2
    # via blosc2
mypy-extensions==1.1.0
    # via black
ndindex==1.10.1
    # via blosc2
nodeenv==1.10.0
    # via pre-commit
numba==0.63.1
    # via solarwindpy (pyproject.toml)
numexpr==2.14.1
    # via
    #   blosc2
    #   solarwindpy (pyproject.toml)
    #   tables
numpy==2.3.5
    # via
    #   astropy
    #   blosc2
    #   bottleneck
    #   contourpy
    #   h5py
    #   matplotlib
    #   numba
    #   numexpr
    #   pandas
    #   pyerfa
    #   scipy
    #   solarwindpy (pyproject.toml)
    #   tables
numpydoc==1.10.0
    # via solarwindpy (pyproject.toml)
packaging==25.0
    # via
    #   astropy
    #   black
    #   matplotlib
    #   pytest
    #   sphinx
    #   tables
pandas==2.3.3
    # via solarwindpy (pyproject.toml)
pathspec==0.12.1
    # via black
pillow==12.0.0
    # via matplotlib
platformdirs==4.5.1
    # via
    #   black
    #   blosc2
    #   virtualenv
pluggy==1.6.0
    # via
    #   pytest
    #   pytest-cov
pre-commit==4.5.1
    # via solarwindpy (pyproject.toml)
psutil==7.1.3
    # via solarwindpy (pyproject.toml)
py-cpuinfo==9.0.0
    # via
    #   blosc2
    #   tables
pybtex==0.25.1
    # via
    #   pybtex-docutils
    #   sphinxcontrib-bibtex
pybtex-docutils==1.0.3
    # via sphinxcontrib-bibtex
pycodestyle==2.14.0
    # via flake8
pydocstyle==6.3.0
    # via
    #   flake8-docstrings
    #   solarwindpy (pyproject.toml)
pyenchant==3.3.0
    # via sphinxcontrib-spelling
pyerfa==2.0.1.5
    # via astropy
pyflakes==3.4.0
    # via flake8
pygments==2.19.2
    # via
    #   doc8
    #   pytest
    #   sphinx
pyparsing==3.3.1
    # via matplotlib
pytest==9.0.2
    # via
    #   pytest-cov
    #   solarwindpy (pyproject.toml)
pytest-cov==7.0.0
    # via solarwindpy (pyproject.toml)
python-dateutil==2.9.0.post0
    # via
    #   matplotlib
    #   pandas
pytokens==0.3.0
    # via black
pytz==2025.2
    # via pandas
pyyaml==6.0.3
    # via
    #   astropy
    #   pre-commit
    #   pybtex
    #   solarwindpy (pyproject.toml)
requests==2.32.5
    # via
    #   blosc2
    #   sphinx
    #   sphinxcontrib-spelling
restructuredtext-lint==2.0.2
    # via doc8
roman-numerals==4.1.0
    # via roman-numerals-py
roman-numerals-py==4.1.0
    # via sphinx
scipy==1.16.3
    # via solarwindpy (pyproject.toml)
six==1.17.0
    # via python-dateutil
snowballstemmer==3.0.1
    # via
    #   pydocstyle
    #   sphinx
sphinx==8.2.3
    # via
    #   numpydoc
    #   solarwindpy (pyproject.toml)
    #   sphinx-rtd-theme
    #   sphinxcontrib-bibtex
    #   sphinxcontrib-jquery
    #   sphinxcontrib-spelling
sphinx-rtd-theme==3.0.2
    # via solarwindpy (pyproject.toml)
sphinxcontrib-applehelp==2.0.0
    # via sphinx
sphinxcontrib-bibtex==2.6.5
    # via solarwindpy (pyproject.toml)
sphinxcontrib-devhelp==2.0.0
    # via sphinx
sphinxcontrib-htmlhelp==2.1.0
    # via sphinx
sphinxcontrib-jquery==4.1
    # via sphinx-rtd-theme
sphinxcontrib-jsmath==1.0.1
    # via sphinx
sphinxcontrib-qthelp==2.0.0
    # via sphinx
sphinxcontrib-serializinghtml==2.0.0
    # via sphinx
sphinxcontrib-spelling==8.0.2
    # via solarwindpy (pyproject.toml)
stevedore==5.6.0
    # via doc8
tables==3.10.2
    # via solarwindpy (pyproject.toml)
tabulate==0.9.0
    # via solarwindpy (pyproject.toml)
typing-extensions==4.15.0
    # via
    #   docstring-inheritance
    #   tables
tzdata==2025.3
    # via pandas
urllib3==2.6.3
    # via requests
virtualenv==20.36.0
    # via pre-commit
